<Solution>
  <Project Path="DA.Example.Todo.Blazor/DA.Example.Todo.Blazor.csproj" Id="6f275b11-18f9-4a7a-9996-53131b1f37a8" />
  <Project Path="DA.Example.Todo.Cons/DA.Example.Todo.Cons.csproj" Id="a26168d6-b26d-4f8f-beff-b0761d82bd1e" />
  <Project Path="DA.Example.Todo.Model/DA.Example.Todo.Model.csproj" Id="36bdc7fc-7a49-458a-8329-1e907be2c7a9" />
  <Project Path="DA.Model.Framework/DA.Model.Framework.csproj" Id="437aaa0f-35b1-4f8f-8130-72b5420759cb" />
</Solution>
